
Microsoft Visual Studio Solution File, Format Version 12.00
# Visual Studio Version 17
VisualStudioVersion = 17.2.32519.379
MinimumVisualStudioVersion = 10.0.40219.1
Project("{FAE04EC0-301F-11D3-BF4B-00C04F79EFBC}") = "WindowsFormsAppf", "WindowsFormsAppf\WindowsFormsAppf.csproj", "{CA88D6C7-8A67-4E1B-A2E9-B1C0FA9CBB73}"
EndProject
Global
	GlobalSection(SolutionConfigurationPlatforms) = preSolution
		Debug|Any CPU = Debug|Any CPU
		Release|Any CPU = Release|Any CPU
	EndGlobalSection
	GlobalSection(ProjectConfigurationPlatforms) = postSolution
		{CA88D6C7-8A67-4E1B-A2E9-B1C0FA9CBB73}.Debug|Any CPU.ActiveCfg = Debug|Any CPU
		{CA88D6C7-8A67-4E1B-A2E9-B1C0FA9CBB73}.Debug|Any CPU.Build.0 = Debug|Any CPU
		{CA88D6C7-8A67-4E1B-A2E9-B1C0FA9CBB73}.Release|Any CPU.ActiveCfg = Release|Any CPU
		{CA88D6C7-8A67-4E1B-A2E9-B1C0FA9CBB73}.Release|Any CPU.Build.0 = Release|Any CPU
	EndGlobalSection
	GlobalSection(SolutionProperties) = preSolution
		HideSolutionNode = FALSE
	EndGlobalSection
	GlobalSection(ExtensibilityGlobals) = postSolution
		SolutionGuid = {4D9B68CC-D37A-45A5-838A-0F676BD11CFC}
	EndGlobalSection
EndGlobal
