
Microsoft Visual Studio Solution File, Format Version 12.00
# Visual Studio Version 17
VisualStudioVersion = 17.13.35806.99 d17.13
MinimumVisualStudioVersion = 10.0.40219.1
Project("{FAE04EC0-301F-11D3-BF4B-00C04F79EFBC}") = "WindowsFormsApp14", "WindowsFormsApp14\WindowsFormsApp14.csproj", "{DD5899C8-891C-4B65-93D5-56F2796027E8}"
EndProject
Global
	GlobalSection(SolutionConfigurationPlatforms) = preSolution
		Debug|Any CPU = Debug|Any CPU
		Release|Any CPU = Release|Any CPU
	EndGlobalSection
	GlobalSection(ProjectConfigurationPlatforms) = postSolution
		{DD5899C8-891C-4B65-93D5-56F2796027E8}.Debug|Any CPU.ActiveCfg = Debug|Any CPU
		{DD5899C8-891C-4B65-93D5-56F2796027E8}.Debug|Any CPU.Build.0 = Debug|Any CPU
		{DD5899C8-891C-4B65-93D5-56F2796027E8}.Release|Any CPU.ActiveCfg = Release|Any CPU
		{DD5899C8-891C-4B65-93D5-56F2796027E8}.Release|Any CPU.Build.0 = Release|Any CPU
	EndGlobalSection
	GlobalSection(SolutionProperties) = preSolution
		HideSolutionNode = FALSE
	EndGlobalSection
	GlobalSection(ExtensibilityGlobals) = postSolution
		SolutionGuid = {D208BAB5-62FF-4C73-95E8-9FD68C532854}
	EndGlobalSection
EndGlobal
