
Microsoft Visual Studio Solution File, Format Version 12.00
# Visual Studio Version 17
VisualStudioVersion = 17.2.32519.379
MinimumVisualStudioVersion = 10.0.40219.1
Project("{FAE04EC0-301F-11D3-BF4B-00C04F79EFBC}") = "WindowsFormsApp13", "WindowsFormsApp13\WindowsFormsApp13.csproj", "{76994E4A-97BF-4A7E-9DD0-E7F1EF88D18F}"
EndProject
Global
	GlobalSection(SolutionConfigurationPlatforms) = preSolution
		Debug|Any CPU = Debug|Any CPU
		Release|Any CPU = Release|Any CPU
	EndGlobalSection
	GlobalSection(ProjectConfigurationPlatforms) = postSolution
		{76994E4A-97BF-4A7E-9DD0-E7F1EF88D18F}.Debug|Any CPU.ActiveCfg = Debug|Any CPU
		{76994E4A-97BF-4A7E-9DD0-E7F1EF88D18F}.Debug|Any CPU.Build.0 = Debug|Any CPU
		{76994E4A-97BF-4A7E-9DD0-E7F1EF88D18F}.Release|Any CPU.ActiveCfg = Release|Any CPU
		{76994E4A-97BF-4A7E-9DD0-E7F1EF88D18F}.Release|Any CPU.Build.0 = Release|Any CPU
	EndGlobalSection
	GlobalSection(SolutionProperties) = preSolution
		HideSolutionNode = FALSE
	EndGlobalSection
	GlobalSection(ExtensibilityGlobals) = postSolution
		SolutionGuid = {6568138F-F7B7-4EC3-B6C7-EEFF6856E038}
	EndGlobalSection
EndGlobal
